
Microsoft Visual Studio Solution File, Format Version 12.00
# Visual Studio Version 16
VisualStudioVersion = 16.0.30804.86
MinimumVisualStudioVersion = 10.0.40219.1
Project("{FAE04EC0-301F-11D3-BF4B-00C04F79EFBC}") = "ProjectDAW", "ProjectDAW\ProjectDAW.csproj", "{73D58B27-63C0-49E3-92D1-7ED8BA5D174B}"
EndProject
Global
	GlobalSection(SolutionConfigurationPlatforms) = preSolution
		Debug|Any CPU = Debug|Any CPU
		Release|Any CPU = Release|Any CPU
	EndGlobalSection
	GlobalSection(ProjectConfigurationPlatforms) = postSolution
		{73D58B27-63C0-49E3-92D1-7ED8BA5D174B}.Debug|Any CPU.ActiveCfg = Debug|Any CPU
		{73D58B27-63C0-49E3-92D1-7ED8BA5D174B}.Debug|Any CPU.Build.0 = Debug|Any CPU
		{73D58B27-63C0-49E3-92D1-7ED8BA5D174B}.Release|Any CPU.ActiveCfg = Release|Any CPU
		{73D58B27-63C0-49E3-92D1-7ED8BA5D174B}.Release|Any CPU.Build.0 = Release|Any CPU
	EndGlobalSection
	GlobalSection(SolutionProperties) = preSolution
		HideSolutionNode = FALSE
	EndGlobalSection
	GlobalSection(ExtensibilityGlobals) = postSolution
		SolutionGuid = {3ED44638-098E-4952-934C-357C891F838C}
	EndGlobalSection
EndGlobal
